
Microsoft Visual Studio Solution File, Format Version 12.00
# Visual Studio Version 17
VisualStudioVersion = 17.6.33829.357
MinimumVisualStudioVersion = 10.0.40219.1
Project("{9A19103F-16F7-4668-BE54-9A1E7A4F7556}") = "FitWallet.Api", "src\FitWallet.Api\FitWallet.Api.csproj", "{1B95CCD3-8645-4FE3-9632-287FE6DC8F7E}"
EndProject
Project("{FAE04EC0-301F-11D3-BF4B-00C04F79EFBC}") = "FitWallet.Core", "src\FitWallet.Core\FitWallet.Core.csproj", "{3C72F7B1-6E62-484A-8392-5CAAAFA54497}"
EndProject
Project("{FAE04EC0-301F-11D3-BF4B-00C04F79EFBC}") = "FitWallet.Database", "src\FitWallet.Database\FitWallet.Database.csproj", "{0188EEC3-663F-46B2-90AF-A83211FBBA20}"
EndProject
Global
	GlobalSection(SolutionConfigurationPlatforms) = preSolution
		Debug|Any CPU = Debug|Any CPU
		Release|Any CPU = Release|Any CPU
	EndGlobalSection
	GlobalSection(ProjectConfigurationPlatforms) = postSolution
		{1B95CCD3-8645-4FE3-9632-287FE6DC8F7E}.Debug|Any CPU.ActiveCfg = Debug|Any CPU
		{1B95CCD3-8645-4FE3-9632-287FE6DC8F7E}.Debug|Any CPU.Build.0 = Debug|Any CPU
		{1B95CCD3-8645-4FE3-9632-287FE6DC8F7E}.Release|Any CPU.ActiveCfg = Release|Any CPU
		{1B95CCD3-8645-4FE3-9632-287FE6DC8F7E}.Release|Any CPU.Build.0 = Release|Any CPU
		{3C72F7B1-6E62-484A-8392-5CAAAFA54497}.Debug|Any CPU.ActiveCfg = Debug|Any CPU
		{3C72F7B1-6E62-484A-8392-5CAAAFA54497}.Debug|Any CPU.Build.0 = Debug|Any CPU
		{3C72F7B1-6E62-484A-8392-5CAAAFA54497}.Release|Any CPU.ActiveCfg = Release|Any CPU
		{3C72F7B1-6E62-484A-8392-5CAAAFA54497}.Release|Any CPU.Build.0 = Release|Any CPU
		{0188EEC3-663F-46B2-90AF-A83211FBBA20}.Debug|Any CPU.ActiveCfg = Debug|Any CPU
		{0188EEC3-663F-46B2-90AF-A83211FBBA20}.Debug|Any CPU.Build.0 = Debug|Any CPU
		{0188EEC3-663F-46B2-90AF-A83211FBBA20}.Release|Any CPU.ActiveCfg = Release|Any CPU
		{0188EEC3-663F-46B2-90AF-A83211FBBA20}.Release|Any CPU.Build.0 = Release|Any CPU
	EndGlobalSection
	GlobalSection(SolutionProperties) = preSolution
		HideSolutionNode = FALSE
	EndGlobalSection
	GlobalSection(ExtensibilityGlobals) = postSolution
		SolutionGuid = {6C8208EB-00C0-403F-AA69-3A55B9875AF0}
	EndGlobalSection
EndGlobal
